{
  "name": "temp2",
  "lockfileVersion": 2,
  "requires": true,
  "packages": {
    "": {
      "dependencies": {
        "@ungap/structured-clone": "^0.3.4"
      }
    },
    "node_modules/@ungap/structured-clone": {
      "version": "0.3.4",
      "resolved": "https://registry.npmjs.org/@ungap/structured-clone/-/structured-clone-0.3.4.tgz",
      "integrity": "sha512-TSVh8CpnwNAsPC5wXcIyh92Bv1gq6E9cNDeeLu7Z4h8V4/qWtXJp7y42qljRkqcpmsve1iozwv1wr+3BNdILCg=="
    }
  },
  "dependencies": {
    "@ungap/structured-clone": {
      "version": "0.3.4",
      "resolved": "https://registry.npmjs.org/@ungap/structured-clone/-/structured-clone-0.3.4.tgz",
      "integrity": "sha512-TSVh8CpnwNAsPC5wXcIyh92Bv1gq6E9cNDeeLu7Z4h8V4/qWtXJp7y42qljRkqcpmsve1iozwv1wr+3BNdILCg=="
    }
  }
}
